
Microsoft Visual Studio Solution File, Format Version 12.00
# Visual Studio 2013
VisualStudioVersion = 12.0.31101.0
MinimumVisualStudioVersion = 10.0.40219.1
Project("{FAE04EC0-301F-11D3-BF4B-00C04F79EFBC}") = "LuLuLu.WinPhone", "LuLuLu\LuLuLu.WinPhone\LuLuLu.WinPhone.csproj", "{D20C1485-FEEC-4182-AB05-2B64649478E2}"
EndProject
Project("{FAE04EC0-301F-11D3-BF4B-00C04F79EFBC}") = "LuLuLu.iOS", "LuLuLu\LuLuLu.iOS\LuLuLu.iOS.csproj", "{2CBECACB-F855-4E50-B61A-994AF5CA23A9}"
EndProject
Project("{FAE04EC0-301F-11D3-BF4B-00C04F79EFBC}") = "LuLuLu.Droid", "LuLuLu\LuLuLu.Droid\LuLuLu.Droid.csproj", "{72672B1F-79B8-44FB-A455-3CE34BFC9EC4}"
EndProject
Project("{D954291E-2A0B-460D-934E-DC6B0785DB48}") = "LuLuLu", "LuLuLu\LuLuLu\LuLuLu.shproj", "{A4861A05-92B9-4EDE-B942-7FEA43D4CE88}"
EndProject
Global
	GlobalSection(SharedMSBuildProjectFiles) = preSolution
		LuLuLu\LuLuLu\LuLuLu.projitems*{d20c1485-feec-4182-ab05-2b64649478e2}*SharedItemsImports = 4
		LuLuLu\LuLuLu\LuLuLu.projitems*{72672b1f-79b8-44fb-a455-3ce34bfc9ec4}*SharedItemsImports = 4
		LuLuLu\LuLuLu\LuLuLu.projitems*{a4861a05-92b9-4ede-b942-7fea43d4ce88}*SharedItemsImports = 13
		LuLuLu\LuLuLu\LuLuLu.projitems*{2cbecacb-f855-4e50-b61a-994af5ca23a9}*SharedItemsImports = 4
	EndGlobalSection
	GlobalSection(SolutionConfigurationPlatforms) = preSolution
		Ad-Hoc|Any CPU = Ad-Hoc|Any CPU
		Ad-Hoc|ARM = Ad-Hoc|ARM
		Ad-Hoc|iPhone = Ad-Hoc|iPhone
		Ad-Hoc|iPhoneSimulator = Ad-Hoc|iPhoneSimulator
		Ad-Hoc|Mixed Platforms = Ad-Hoc|Mixed Platforms
		Ad-Hoc|x86 = Ad-Hoc|x86
		AppStore|Any CPU = AppStore|Any CPU
		AppStore|ARM = AppStore|ARM
		AppStore|iPhone = AppStore|iPhone
		AppStore|iPhoneSimulator = AppStore|iPhoneSimulator
		AppStore|Mixed Platforms = AppStore|Mixed Platforms
		AppStore|x86 = AppStore|x86
		Debug|Any CPU = Debug|Any CPU
		Debug|ARM = Debug|ARM
		Debug|iPhone = Debug|iPhone
		Debug|iPhoneSimulator = Debug|iPhoneSimulator
		Debug|Mixed Platforms = Debug|Mixed Platforms
		Debug|x86 = Debug|x86
		Release|Any CPU = Release|Any CPU
		Release|ARM = Release|ARM
		Release|iPhone = Release|iPhone
		Release|iPhoneSimulator = Release|iPhoneSimulator
		Release|Mixed Platforms = Release|Mixed Platforms
		Release|x86 = Release|x86
	EndGlobalSection
	GlobalSection(ProjectConfigurationPlatforms) = postSolution
		{D20C1485-FEEC-4182-AB05-2B64649478E2}.Ad-Hoc|Any CPU.ActiveCfg = Release|Any CPU
		{D20C1485-FEEC-4182-AB05-2B64649478E2}.Ad-Hoc|Any CPU.Build.0 = Release|Any CPU
		{D20C1485-FEEC-4182-AB05-2B64649478E2}.Ad-Hoc|Any CPU.Deploy.0 = Release|Any CPU
		{D20C1485-FEEC-4182-AB05-2B64649478E2}.Ad-Hoc|ARM.ActiveCfg = Release|ARM
		{D20C1485-FEEC-4182-AB05-2B64649478E2}.Ad-Hoc|ARM.Build.0 = Release|ARM
		{D20C1485-FEEC-4182-AB05-2B64649478E2}.Ad-Hoc|ARM.Deploy.0 = Release|ARM
		{D20C1485-FEEC-4182-AB05-2B64649478E2}.Ad-Hoc|iPhone.ActiveCfg = Release|Any CPU
		{D20C1485-FEEC-4182-AB05-2B64649478E2}.Ad-Hoc|iPhoneSimulator.ActiveCfg = Release|Any CPU
		{D20C1485-FEEC-4182-AB05-2B64649478E2}.Ad-Hoc|Mixed Platforms.ActiveCfg = Release|x86
		{D20C1485-FEEC-4182-AB05-2B64649478E2}.Ad-Hoc|Mixed Platforms.Build.0 = Release|x86
		{D20C1485-FEEC-4182-AB05-2B64649478E2}.Ad-Hoc|Mixed Platforms.Deploy.0 = Release|x86
		{D20C1485-FEEC-4182-AB05-2B64649478E2}.Ad-Hoc|x86.ActiveCfg = Release|x86
		{D20C1485-FEEC-4182-AB05-2B64649478E2}.Ad-Hoc|x86.Build.0 = Release|x86
		{D20C1485-FEEC-4182-AB05-2B64649478E2}.Ad-Hoc|x86.Deploy.0 = Release|x86
		{D20C1485-FEEC-4182-AB05-2B64649478E2}.AppStore|Any CPU.ActiveCfg = Release|Any CPU
		{D20C1485-FEEC-4182-AB05-2B64649478E2}.AppStore|Any CPU.Build.0 = Release|Any CPU
		{D20C1485-FEEC-4182-AB05-2B64649478E2}.AppStore|Any CPU.Deploy.0 = Release|Any CPU
		{D20C1485-FEEC-4182-AB05-2B64649478E2}.AppStore|ARM.ActiveCfg = Release|ARM
		{D20C1485-FEEC-4182-AB05-2B64649478E2}.AppStore|ARM.Build.0 = Release|ARM
		{D20C1485-FEEC-4182-AB05-2B64649478E2}.AppStore|ARM.Deploy.0 = Release|ARM
		{D20C1485-FEEC-4182-AB05-2B64649478E2}.AppStore|iPhone.ActiveCfg = Release|Any CPU
		{D20C1485-FEEC-4182-AB05-2B64649478E2}.AppStore|iPhoneSimulator.ActiveCfg = Release|Any CPU
		{D20C1485-FEEC-4182-AB05-2B64649478E2}.AppStore|Mixed Platforms.ActiveCfg = Release|x86
		{D20C1485-FEEC-4182-AB05-2B64649478E2}.AppStore|Mixed Platforms.Build.0 = Release|x86
		{D20C1485-FEEC-4182-AB05-2B64649478E2}.AppStore|Mixed Platforms.Deploy.0 = Release|x86
		{D20C1485-FEEC-4182-AB05-2B64649478E2}.AppStore|x86.ActiveCfg = Release|x86
		{D20C1485-FEEC-4182-AB05-2B64649478E2}.AppStore|x86.Build.0 = Release|x86
		{D20C1485-FEEC-4182-AB05-2B64649478E2}.AppStore|x86.Deploy.0 = Release|x86
		{D20C1485-FEEC-4182-AB05-2B64649478E2}.Debug|Any CPU.ActiveCfg = Debug|ARM
		{D20C1485-FEEC-4182-AB05-2B64649478E2}.Debug|Any CPU.Build.0 = Debug|ARM
		{D20C1485-FEEC-4182-AB05-2B64649478E2}.Debug|Any CPU.Deploy.0 = Debug|ARM
		{D20C1485-FEEC-4182-AB05-2B64649478E2}.Debug|ARM.ActiveCfg = Debug|ARM
		{D20C1485-FEEC-4182-AB05-2B64649478E2}.Debug|ARM.Build.0 = Debug|ARM
		{D20C1485-FEEC-4182-AB05-2B64649478E2}.Debug|ARM.Deploy.0 = Debug|ARM
		{D20C1485-FEEC-4182-AB05-2B64649478E2}.Debug|iPhone.ActiveCfg = Debug|Any CPU
		{D20C1485-FEEC-4182-AB05-2B64649478E2}.Debug|iPhoneSimulator.ActiveCfg = Debug|Any CPU
		{D20C1485-FEEC-4182-AB05-2B64649478E2}.Debug|Mixed Platforms.ActiveCfg = Debug|x86
		{D20C1485-FEEC-4182-AB05-2B64649478E2}.Debug|Mixed Platforms.Build.0 = Debug|x86
		{D20C1485-FEEC-4182-AB05-2B64649478E2}.Debug|Mixed Platforms.Deploy.0 = Debug|x86
		{D20C1485-FEEC-4182-AB05-2B64649478E2}.Debug|x86.ActiveCfg = Debug|x86
		{D20C1485-FEEC-4182-AB05-2B64649478E2}.Debug|x86.Build.0 = Debug|x86
		{D20C1485-FEEC-4182-AB05-2B64649478E2}.Debug|x86.Deploy.0 = Debug|x86
		{D20C1485-FEEC-4182-AB05-2B64649478E2}.Release|Any CPU.ActiveCfg = Release|Any CPU
		{D20C1485-FEEC-4182-AB05-2B64649478E2}.Release|Any CPU.Build.0 = Release|Any CPU
		{D20C1485-FEEC-4182-AB05-2B64649478E2}.Release|Any CPU.Deploy.0 = Release|Any CPU
		{D20C1485-FEEC-4182-AB05-2B64649478E2}.Release|ARM.ActiveCfg = Release|ARM
		{D20C1485-FEEC-4182-AB05-2B64649478E2}.Release|ARM.Build.0 = Release|ARM
		{D20C1485-FEEC-4182-AB05-2B64649478E2}.Release|ARM.Deploy.0 = Release|ARM
		{D20C1485-FEEC-4182-AB05-2B64649478E2}.Release|iPhone.ActiveCfg = Release|Any CPU
		{D20C1485-FEEC-4182-AB05-2B64649478E2}.Release|iPhoneSimulator.ActiveCfg = Release|Any CPU
		{D20C1485-FEEC-4182-AB05-2B64649478E2}.Release|Mixed Platforms.ActiveCfg = Release|x86
		{D20C1485-FEEC-4182-AB05-2B64649478E2}.Release|Mixed Platforms.Build.0 = Release|x86
		{D20C1485-FEEC-4182-AB05-2B64649478E2}.Release|Mixed Platforms.Deploy.0 = Release|x86
		{D20C1485-FEEC-4182-AB05-2B64649478E2}.Release|x86.ActiveCfg = Release|x86
		{D20C1485-FEEC-4182-AB05-2B64649478E2}.Release|x86.Build.0 = Release|x86
		{D20C1485-FEEC-4182-AB05-2B64649478E2}.Release|x86.Deploy.0 = Release|x86
		{2CBECACB-F855-4E50-B61A-994AF5CA23A9}.Ad-Hoc|Any CPU.ActiveCfg = Ad-Hoc|iPhone
		{2CBECACB-F855-4E50-B61A-994AF5CA23A9}.Ad-Hoc|ARM.ActiveCfg = Ad-Hoc|iPhone
		{2CBECACB-F855-4E50-B61A-994AF5CA23A9}.Ad-Hoc|iPhone.ActiveCfg = Ad-Hoc|iPhone
		{2CBECACB-F855-4E50-B61A-994AF5CA23A9}.Ad-Hoc|iPhone.Build.0 = Ad-Hoc|iPhone
		{2CBECACB-F855-4E50-B61A-994AF5CA23A9}.Ad-Hoc|iPhoneSimulator.ActiveCfg = Ad-Hoc|iPhoneSimulator
		{2CBECACB-F855-4E50-B61A-994AF5CA23A9}.Ad-Hoc|iPhoneSimulator.Build.0 = Ad-Hoc|iPhoneSimulator
		{2CBECACB-F855-4E50-B61A-994AF5CA23A9}.Ad-Hoc|Mixed Platforms.ActiveCfg = Ad-Hoc|iPhone
		{2CBECACB-F855-4E50-B61A-994AF5CA23A9}.Ad-Hoc|Mixed Platforms.Build.0 = Ad-Hoc|iPhone
		{2CBECACB-F855-4E50-B61A-994AF5CA23A9}.Ad-Hoc|x86.ActiveCfg = Ad-Hoc|iPhone
		{2CBECACB-F855-4E50-B61A-994AF5CA23A9}.AppStore|Any CPU.ActiveCfg = AppStore|iPhone
		{2CBECACB-F855-4E50-B61A-994AF5CA23A9}.AppStore|ARM.ActiveCfg = AppStore|iPhone
		{2CBECACB-F855-4E50-B61A-994AF5CA23A9}.AppStore|iPhone.ActiveCfg = AppStore|iPhone
		{2CBECACB-F855-4E50-B61A-994AF5CA23A9}.AppStore|iPhone.Build.0 = AppStore|iPhone
		{2CBECACB-F855-4E50-B61A-994AF5CA23A9}.AppStore|iPhoneSimulator.ActiveCfg = AppStore|iPhoneSimulator
		{2CBECACB-F855-4E50-B61A-994AF5CA23A9}.AppStore|iPhoneSimulator.Build.0 = AppStore|iPhoneSimulator
		{2CBECACB-F855-4E50-B61A-994AF5CA23A9}.AppStore|Mixed Platforms.ActiveCfg = AppStore|iPhone
		{2CBECACB-F855-4E50-B61A-994AF5CA23A9}.AppStore|Mixed Platforms.Build.0 = AppStore|iPhone
		{2CBECACB-F855-4E50-B61A-994AF5CA23A9}.AppStore|x86.ActiveCfg = AppStore|iPhone
		{2CBECACB-F855-4E50-B61A-994AF5CA23A9}.Debug|Any CPU.ActiveCfg = Debug|iPhone
		{2CBECACB-F855-4E50-B61A-994AF5CA23A9}.Debug|ARM.ActiveCfg = Debug|iPhone
		{2CBECACB-F855-4E50-B61A-994AF5CA23A9}.Debug|iPhone.ActiveCfg = Debug|iPhone
		{2CBECACB-F855-4E50-B61A-994AF5CA23A9}.Debug|iPhone.Build.0 = Debug|iPhone
		{2CBECACB-F855-4E50-B61A-994AF5CA23A9}.Debug|iPhoneSimulator.ActiveCfg = Debug|iPhoneSimulator
		{2CBECACB-F855-4E50-B61A-994AF5CA23A9}.Debug|iPhoneSimulator.Build.0 = Debug|iPhoneSimulator
		{2CBECACB-F855-4E50-B61A-994AF5CA23A9}.Debug|Mixed Platforms.ActiveCfg = Debug|iPhone
		{2CBECACB-F855-4E50-B61A-994AF5CA23A9}.Debug|Mixed Platforms.Build.0 = Debug|iPhone
		{2CBECACB-F855-4E50-B61A-994AF5CA23A9}.Debug|x86.ActiveCfg = Debug|iPhone
		{2CBECACB-F855-4E50-B61A-994AF5CA23A9}.Release|Any CPU.ActiveCfg = Release|iPhone
		{2CBECACB-F855-4E50-B61A-994AF5CA23A9}.Release|ARM.ActiveCfg = Release|iPhone
		{2CBECACB-F855-4E50-B61A-994AF5CA23A9}.Release|iPhone.ActiveCfg = Release|iPhone
		{2CBECACB-F855-4E50-B61A-994AF5CA23A9}.Release|iPhone.Build.0 = Release|iPhone
		{2CBECACB-F855-4E50-B61A-994AF5CA23A9}.Release|iPhoneSimulator.ActiveCfg = Release|iPhoneSimulator
		{2CBECACB-F855-4E50-B61A-994AF5CA23A9}.Release|iPhoneSimulator.Build.0 = Release|iPhoneSimulator
		{2CBECACB-F855-4E50-B61A-994AF5CA23A9}.Release|Mixed Platforms.ActiveCfg = Release|iPhone
		{2CBECACB-F855-4E50-B61A-994AF5CA23A9}.Release|Mixed Platforms.Build.0 = Release|iPhone
		{2CBECACB-F855-4E50-B61A-994AF5CA23A9}.Release|x86.ActiveCfg = Release|iPhone
		{72672B1F-79B8-44FB-A455-3CE34BFC9EC4}.Ad-Hoc|Any CPU.ActiveCfg = Release|Any CPU
		{72672B1F-79B8-44FB-A455-3CE34BFC9EC4}.Ad-Hoc|Any CPU.Build.0 = Release|Any CPU
		{72672B1F-79B8-44FB-A455-3CE34BFC9EC4}.Ad-Hoc|Any CPU.Deploy.0 = Release|Any CPU
		{72672B1F-79B8-44FB-A455-3CE34BFC9EC4}.Ad-Hoc|ARM.ActiveCfg = Release|Any CPU
		{72672B1F-79B8-44FB-A455-3CE34BFC9EC4}.Ad-Hoc|iPhone.ActiveCfg = Release|Any CPU
		{72672B1F-79B8-44FB-A455-3CE34BFC9EC4}.Ad-Hoc|iPhoneSimulator.ActiveCfg = Release|Any CPU
		{72672B1F-79B8-44FB-A455-3CE34BFC9EC4}.Ad-Hoc|Mixed Platforms.ActiveCfg = Release|Any CPU
		{72672B1F-79B8-44FB-A455-3CE34BFC9EC4}.Ad-Hoc|Mixed Platforms.Build.0 = Release|Any CPU
		{72672B1F-79B8-44FB-A455-3CE34BFC9EC4}.Ad-Hoc|Mixed Platforms.Deploy.0 = Release|Any CPU
		{72672B1F-79B8-44FB-A455-3CE34BFC9EC4}.Ad-Hoc|x86.ActiveCfg = Release|Any CPU
		{72672B1F-79B8-44FB-A455-3CE34BFC9EC4}.AppStore|Any CPU.ActiveCfg = Release|Any CPU
		{72672B1F-79B8-44FB-A455-3CE34BFC9EC4}.AppStore|Any CPU.Build.0 = Release|Any CPU
		{72672B1F-79B8-44FB-A455-3CE34BFC9EC4}.AppStore|Any CPU.Deploy.0 = Release|Any CPU
		{72672B1F-79B8-44FB-A455-3CE34BFC9EC4}.AppStore|ARM.ActiveCfg = Release|Any CPU
		{72672B1F-79B8-44FB-A455-3CE34BFC9EC4}.AppStore|iPhone.ActiveCfg = Release|Any CPU
		{72672B1F-79B8-44FB-A455-3CE34BFC9EC4}.AppStore|iPhoneSimulator.ActiveCfg = Release|Any CPU
		{72672B1F-79B8-44FB-A455-3CE34BFC9EC4}.AppStore|Mixed Platforms.ActiveCfg = Release|Any CPU
		{72672B1F-79B8-44FB-A455-3CE34BFC9EC4}.AppStore|Mixed Platforms.Build.0 = Release|Any CPU
		{72672B1F-79B8-44FB-A455-3CE34BFC9EC4}.AppStore|Mixed Platforms.Deploy.0 = Release|Any CPU
		{72672B1F-79B8-44FB-A455-3CE34BFC9EC4}.AppStore|x86.ActiveCfg = Release|Any CPU
		{72672B1F-79B8-44FB-A455-3CE34BFC9EC4}.Debug|Any CPU.ActiveCfg = Debug|Any CPU
		{72672B1F-79B8-44FB-A455-3CE34BFC9EC4}.Debug|Any CPU.Build.0 = Debug|Any CPU
		{72672B1F-79B8-44FB-A455-3CE34BFC9EC4}.Debug|Any CPU.Deploy.0 = Debug|Any CPU
		{72672B1F-79B8-44FB-A455-3CE34BFC9EC4}.Debug|ARM.ActiveCfg = Debug|Any CPU
		{72672B1F-79B8-44FB-A455-3CE34BFC9EC4}.Debug|iPhone.ActiveCfg = Debug|Any CPU
		{72672B1F-79B8-44FB-A455-3CE34BFC9EC4}.Debug|iPhoneSimulator.ActiveCfg = Debug|Any CPU
		{72672B1F-79B8-44FB-A455-3CE34BFC9EC4}.Debug|Mixed Platforms.ActiveCfg = Debug|Any CPU
		{72672B1F-79B8-44FB-A455-3CE34BFC9EC4}.Debug|Mixed Platforms.Build.0 = Debug|Any CPU
		{72672B1F-79B8-44FB-A455-3CE34BFC9EC4}.Debug|Mixed Platforms.Deploy.0 = Debug|Any CPU
		{72672B1F-79B8-44FB-A455-3CE34BFC9EC4}.Debug|x86.ActiveCfg = Debug|Any CPU
		{72672B1F-79B8-44FB-A455-3CE34BFC9EC4}.Release|Any CPU.ActiveCfg = Release|Any CPU
		{72672B1F-79B8-44FB-A455-3CE34BFC9EC4}.Release|Any CPU.Build.0 = Release|Any CPU
		{72672B1F-79B8-44FB-A455-3CE34BFC9EC4}.Release|Any CPU.Deploy.0 = Release|Any CPU
		{72672B1F-79B8-44FB-A455-3CE34BFC9EC4}.Release|ARM.ActiveCfg = Release|Any CPU
		{72672B1F-79B8-44FB-A455-3CE34BFC9EC4}.Release|iPhone.ActiveCfg = Release|Any CPU
		{72672B1F-79B8-44FB-A455-3CE34BFC9EC4}.Release|iPhoneSimulator.ActiveCfg = Release|Any CPU
		{72672B1F-79B8-44FB-A455-3CE34BFC9EC4}.Release|Mixed Platforms.ActiveCfg = Release|Any CPU
		{72672B1F-79B8-44FB-A455-3CE34BFC9EC4}.Release|Mixed Platforms.Build.0 = Release|Any CPU
		{72672B1F-79B8-44FB-A455-3CE34BFC9EC4}.Release|Mixed Platforms.Deploy.0 = Release|Any CPU
		{72672B1F-79B8-44FB-A455-3CE34BFC9EC4}.Release|x86.ActiveCfg = Release|Any CPU
	EndGlobalSection
	GlobalSection(SolutionProperties) = preSolution
		HideSolutionNode = FALSE
	EndGlobalSection
	GlobalSection(MonoDevelopProperties) = preSolution
		Policies = $0
		$0.DotNetNamingPolicy = $1
		$1.DirectoryNamespaceAssociation = None
		$1.ResourceNamePolicy = FileFormatDefault
		$0.StandardHeader = $2
		$2.Text = 
		$2.IncludeInNewFiles = True
		$0.NameConventionPolicy = $3
		$3.Rules = $4
		$4.NamingRule = $24
		$5.Name = Namespaces
		$5.AffectedEntity = Namespace
		$5.VisibilityMask = VisibilityMask
		$5.NamingStyle = PascalCase
		$5.IncludeInstanceMembers = True
		$5.IncludeStaticEntities = True
		$6.Name = Types
		$6.AffectedEntity = Class, Struct, Enum, Delegate
		$6.VisibilityMask = Public
		$6.NamingStyle = PascalCase
		$6.IncludeInstanceMembers = True
		$6.IncludeStaticEntities = True
		$7.Name = Interfaces
		$7.RequiredPrefixes = $8
		$8.String = I
		$7.AffectedEntity = Interface
		$7.VisibilityMask = Public
		$7.NamingStyle = PascalCase
		$7.IncludeInstanceMembers = True
		$7.IncludeStaticEntities = True
		$9.Name = Attributes
		$9.RequiredSuffixes = $10
		$10.String = Attribute
		$9.AffectedEntity = CustomAttributes
		$9.VisibilityMask = Public
		$9.NamingStyle = PascalCase
		$9.IncludeInstanceMembers = True
		$9.IncludeStaticEntities = True
		$11.Name = Event Arguments
		$11.RequiredSuffixes = $12
		$12.String = EventArgs
		$11.AffectedEntity = CustomEventArgs
		$11.VisibilityMask = Public
		$11.NamingStyle = PascalCase
		$11.IncludeInstanceMembers = True
		$11.IncludeStaticEntities = True
		$13.Name = Exceptions
		$13.RequiredSuffixes = $14
		$14.String = Exception
		$13.AffectedEntity = CustomExceptions
		$13.VisibilityMask = VisibilityMask
		$13.NamingStyle = PascalCase
		$13.IncludeInstanceMembers = True
		$13.IncludeStaticEntities = True
		$15.Name = Methods
		$15.AffectedEntity = Methods
		$15.VisibilityMask = Protected, Public
		$15.NamingStyle = PascalCase
		$15.IncludeInstanceMembers = True
		$15.IncludeStaticEntities = True
		$16.Name = Static Readonly Fields
		$16.AffectedEntity = ReadonlyField
		$16.VisibilityMask = Protected, Public
		$16.NamingStyle = PascalCase
		$16.IncludeInstanceMembers = False
		$16.IncludeStaticEntities = True
		$17.Name = Fields
		$17.AffectedEntity = Field
		$17.VisibilityMask = Protected, Public
		$17.NamingStyle = PascalCase
		$17.IncludeInstanceMembers = True
		$17.IncludeStaticEntities = True
		$18.Name = ReadOnly Fields
		$18.AffectedEntity = ReadonlyField
		$18.VisibilityMask = Protected, Public
		$18.NamingStyle = PascalCase
		$18.IncludeInstanceMembers = True
		$18.IncludeStaticEntities = False
		$19.Name = Constant Fields
		$19.AffectedEntity = ConstantField
		$19.VisibilityMask = Protected, Public
		$19.NamingStyle = PascalCase
		$19.IncludeInstanceMembers = True
		$19.IncludeStaticEntities = True
		$20.Name = Properties
		$20.AffectedEntity = Property
		$20.VisibilityMask = Protected, Public
		$20.NamingStyle = PascalCase
		$20.IncludeInstanceMembers = True
		$20.IncludeStaticEntities = True
		$21.Name = Events
		$21.AffectedEntity = Event
		$21.VisibilityMask = Protected, Public
		$21.NamingStyle = PascalCase
		$21.IncludeInstanceMembers = True
		$21.IncludeStaticEntities = True
		$22.Name = Enum Members
		$22.AffectedEntity = EnumMember
		$22.VisibilityMask = VisibilityMask
		$22.NamingStyle = PascalCase
		$22.IncludeInstanceMembers = True
		$22.IncludeStaticEntities = True
		$23.Name = Parameters
		$23.AffectedEntity = Parameter
		$23.VisibilityMask = VisibilityMask
		$23.NamingStyle = CamelCase
		$23.IncludeInstanceMembers = True
		$23.IncludeStaticEntities = True
		$24.Name = Type Parameters
		$24.RequiredPrefixes = $25
		$25.String = T
		$24.AffectedEntity = TypeParameter
		$24.VisibilityMask = VisibilityMask
		$24.NamingStyle = PascalCase
		$24.IncludeInstanceMembers = True
		$24.IncludeStaticEntities = True
		$0.VersionControlPolicy = $26
		$26.inheritsSet = Mono
	EndGlobalSection
EndGlobal
